
Microsoft Visual Studio Solution File, Format Version 12.00
Project("{FAE04EC0-301F-11D3-BF4B-00C04F79EFBC}") = "ReactRoastDotnet.API", "ReactRoastDotnet.API\ReactRoastDotnet.API.csproj", "{628FDDB7-2D74-41B9-9149-74BF7E684735}"
EndProject
Project("{FAE04EC0-301F-11D3-BF4B-00C04F79EFBC}") = "ReactRoastDotnet.Data", "ReactRoastDotnet.Data\ReactRoastDotnet.Data.csproj", "{BDF9FBF5-DD1B-440D-B903-3FECBF2E6298}"
EndProject
Project("{FAE04EC0-301F-11D3-BF4B-00C04F79EFBC}") = "ReactRoastDotnet.Data.Tests", "ReactRoastDotnet.Data.Tests\ReactRoastDotnet.Data.Tests.csproj", "{DEFF1002-B1AC-4A5D-B5FE-6EFDECEEDFC0}"
EndProject
Global
	GlobalSection(SolutionConfigurationPlatforms) = preSolution
		Debug|Any CPU = Debug|Any CPU
		Release|Any CPU = Release|Any CPU
	EndGlobalSection
	GlobalSection(ProjectConfigurationPlatforms) = postSolution
		{628FDDB7-2D74-41B9-9149-74BF7E684735}.Debug|Any CPU.ActiveCfg = Debug|Any CPU
		{628FDDB7-2D74-41B9-9149-74BF7E684735}.Debug|Any CPU.Build.0 = Debug|Any CPU
		{628FDDB7-2D74-41B9-9149-74BF7E684735}.Release|Any CPU.ActiveCfg = Release|Any CPU
		{628FDDB7-2D74-41B9-9149-74BF7E684735}.Release|Any CPU.Build.0 = Release|Any CPU
		{BDF9FBF5-DD1B-440D-B903-3FECBF2E6298}.Debug|Any CPU.ActiveCfg = Debug|Any CPU
		{BDF9FBF5-DD1B-440D-B903-3FECBF2E6298}.Debug|Any CPU.Build.0 = Debug|Any CPU
		{BDF9FBF5-DD1B-440D-B903-3FECBF2E6298}.Release|Any CPU.ActiveCfg = Release|Any CPU
		{BDF9FBF5-DD1B-440D-B903-3FECBF2E6298}.Release|Any CPU.Build.0 = Release|Any CPU
		{DEFF1002-B1AC-4A5D-B5FE-6EFDECEEDFC0}.Debug|Any CPU.ActiveCfg = Debug|Any CPU
		{DEFF1002-B1AC-4A5D-B5FE-6EFDECEEDFC0}.Debug|Any CPU.Build.0 = Debug|Any CPU
		{DEFF1002-B1AC-4A5D-B5FE-6EFDECEEDFC0}.Release|Any CPU.ActiveCfg = Release|Any CPU
		{DEFF1002-B1AC-4A5D-B5FE-6EFDECEEDFC0}.Release|Any CPU.Build.0 = Release|Any CPU
	EndGlobalSection
EndGlobal
